
Microsoft Visual Studio Solution File, Format Version 12.00
# Visual Studio Version 17
VisualStudioVersion = 17.4.33403.182
MinimumVisualStudioVersion = 10.0.40219.1
Project("{FAE04EC0-301F-11D3-BF4B-00C04F79EFBC}") = "lab4 на 4-5", "lab4 на 4-5\lab4 на 4-5.csproj", "{1777122A-ED45-42C1-857A-F118C0091A94}"
EndProject
Global
	GlobalSection(SolutionConfigurationPlatforms) = preSolution
		Debug|Any CPU = Debug|Any CPU
		Release|Any CPU = Release|Any CPU
	EndGlobalSection
	GlobalSection(ProjectConfigurationPlatforms) = postSolution
		{1777122A-ED45-42C1-857A-F118C0091A94}.Debug|Any CPU.ActiveCfg = Debug|Any CPU
		{1777122A-ED45-42C1-857A-F118C0091A94}.Debug|Any CPU.Build.0 = Debug|Any CPU
		{1777122A-ED45-42C1-857A-F118C0091A94}.Release|Any CPU.ActiveCfg = Release|Any CPU
		{1777122A-ED45-42C1-857A-F118C0091A94}.Release|Any CPU.Build.0 = Release|Any CPU
	EndGlobalSection
	GlobalSection(SolutionProperties) = preSolution
		HideSolutionNode = FALSE
	EndGlobalSection
	GlobalSection(ExtensibilityGlobals) = postSolution
		SolutionGuid = {4CF2547B-36E9-46FB-B26A-E110134314DF}
	EndGlobalSection
EndGlobal
